
Microsoft Visual Studio Solution File, Format Version 12.00
# Visual Studio 15
VisualStudioVersion = 15.0.28010.2003
MinimumVisualStudioVersion = 10.0.40219.1
Project("{FAE04EC0-301F-11D3-BF4B-00C04F79EFBC}") = "svgen", "svgen\svgen.csproj", "{1DA0AB1A-8874-4EB9-A340-2B9BD0901B94}"
EndProject
Global
	GlobalSection(SolutionConfigurationPlatforms) = preSolution
		Debug|Any CPU = Debug|Any CPU
		Release|Any CPU = Release|Any CPU
	EndGlobalSection
	GlobalSection(ProjectConfigurationPlatforms) = postSolution
		{1DA0AB1A-8874-4EB9-A340-2B9BD0901B94}.Debug|Any CPU.ActiveCfg = Debug|Any CPU
		{1DA0AB1A-8874-4EB9-A340-2B9BD0901B94}.Debug|Any CPU.Build.0 = Debug|Any CPU
		{1DA0AB1A-8874-4EB9-A340-2B9BD0901B94}.Release|Any CPU.ActiveCfg = Release|Any CPU
		{1DA0AB1A-8874-4EB9-A340-2B9BD0901B94}.Release|Any CPU.Build.0 = Release|Any CPU
	EndGlobalSection
	GlobalSection(SolutionProperties) = preSolution
		HideSolutionNode = FALSE
	EndGlobalSection
	GlobalSection(ExtensibilityGlobals) = postSolution
		SolutionGuid = {84F9CDEF-756A-4204-98B4-4730F9173DBE}
	EndGlobalSection
EndGlobal
